github.com/adamaltmejd/research_project_theme v0.0.0-20221008105812-e7c024249eb8 h1:ATLyRWMvbFLs4AWVjntacsgpBqdNOPxAesoF0a7+iAM=
github.com/adamaltmejd/research_project_theme v0.0.0-20221008105812-e7c024249eb8/go.mod h1:v8OZaTkiaNJeZrPjES82rqtuSy6e99GFGGzd9cvVxZE=
github.com/gohugoio/hugo-mod-bootstrap-scss/v5 v5.20200.20100 h1:YfBUWb8p0QBkMjabA6bFhhzwbz37SBVW7b7OUCFgZUE=
github.com/gohugoio/hugo-mod-bootstrap-scss/v5 v5.20200.20100/go.mod h1:Z5Bhe4pfn8reoHhWqCQMWEAynLCIeBAt1TDwni4fipM=
github.com/gohugoio/hugo-mod-jslibs-dist/popperjs/v2 v2.21100.20000/go.mod h1:mFberT6ZtcchrsDtfvJM7aAH2bDKLdOnruUHl0hlapI=
github.com/twbs/bootstrap v5.2.1+incompatible/go.mod h1:fZTSrkpSf0/HkL0IIJzvVspTt1r9zuf7XlZau8kpcY0=
