github.com/FortAwesome/Font-Awesome v0.0.0-20220831210243-d3a7818c253f/go.mod h1:IUgezN/MFpCDIlFezw3L8j83oeiIuYoj28Miwr/KUYo=
github.com/FortAwesome/Font-Awesome v0.0.0-20240402185447-c0f460dca7f7 h1:2aWEKCRLqQ9nPyXaz4/IYtRrDr3PzEiX0DUSUr2/EDs=
github.com/FortAwesome/Font-Awesome v0.0.0-20240402185447-c0f460dca7f7/go.mod h1:IUgezN/MFpCDIlFezw3L8j83oeiIuYoj28Miwr/KUYo=
github.com/adamaltmejd/hugo-icons v0.0.0-20221021140430-7267d5f8ed27 h1:GkjvRVSwjcznIazEyJ9A1DQ/MsZie68GwXv9CUjK7TE=
github.com/adamaltmejd/hugo-icons v0.0.0-20221021140430-7267d5f8ed27/go.mod h1:jPtm4lPrjOJcxPS6Bay3amRmfnHug4mrLUdspAEJcpI=
github.com/adamaltmejd/research_project_theme v1.0.12 h1:WEiT+xAasnTXpRvalVUFq9SUAUxs5EhL7mElgPGrCVE=
github.com/adamaltmejd/research_project_theme v1.0.12/go.mod h1:uwx/SUodLz4j3o1gGApf/lS1zqA6lktGI7ZlDEYuvW8=
github.com/gohugoio/hugo-mod-bootstrap-scss/v5 v5.20300.20200 h1:SmpwwN3DNzJWbV+IT8gaFu07ENUFpCvKou5BHYUKuVs=
github.com/gohugoio/hugo-mod-bootstrap-scss/v5 v5.20300.20200/go.mod h1:kx8MBj9T7SFR8ZClWvKZPmmUxBaltkoXvnWlZZcSnYA=
github.com/gohugoio/hugo-mod-jslibs-dist/popperjs/v2 v2.21100.20000 h1:GZxx4Hc+yb0/t3/rau1j8XlAxLE4CyXns2fqQbyqWfs=
github.com/gohugoio/hugo-mod-jslibs-dist/popperjs/v2 v2.21100.20000/go.mod h1:mFberT6ZtcchrsDtfvJM7aAH2bDKLdOnruUHl0hlapI=
github.com/twbs/bootstrap v5.3.2+incompatible/go.mod h1:fZTSrkpSf0/HkL0IIJzvVspTt1r9zuf7XlZau8kpcY0=
github.com/twbs/bootstrap v5.3.3+incompatible h1:goFoqinzdHfkeegpFP7pvhbd0g+A3O2hbU3XCjuNrEQ=
github.com/twbs/bootstrap v5.3.3+incompatible/go.mod h1:fZTSrkpSf0/HkL0IIJzvVspTt1r9zuf7XlZau8kpcY0=
